
Microsoft Visual Studio Solution File, Format Version 12.00
# Visual Studio Version 16
VisualStudioVersion = 16.0.31624.102
MinimumVisualStudioVersion = 10.0.40219.1
Project("{FAE04EC0-301F-11D3-BF4B-00C04F79EFBC}") = "NVAN PoKeys Connector", "NVAN X-Plane PoKeys Connector.csproj", "{DE77C9C8-A443-490A-B0E6-0B7893CA4D30}"
EndProject
Global
	GlobalSection(SolutionConfigurationPlatforms) = preSolution
		Debug|Any CPU = Debug|Any CPU
		Release|Any CPU = Release|Any CPU
	EndGlobalSection
	GlobalSection(ProjectConfigurationPlatforms) = postSolution
		{DE77C9C8-A443-490A-B0E6-0B7893CA4D30}.Debug|Any CPU.ActiveCfg = Debug|Any CPU
		{DE77C9C8-A443-490A-B0E6-0B7893CA4D30}.Debug|Any CPU.Build.0 = Debug|Any CPU
		{DE77C9C8-A443-490A-B0E6-0B7893CA4D30}.Release|Any CPU.ActiveCfg = Release|Any CPU
		{DE77C9C8-A443-490A-B0E6-0B7893CA4D30}.Release|Any CPU.Build.0 = Release|Any CPU
	EndGlobalSection
	GlobalSection(SolutionProperties) = preSolution
		HideSolutionNode = FALSE
	EndGlobalSection
	GlobalSection(ExtensibilityGlobals) = postSolution
		SolutionGuid = {8C708DD5-0649-4B6D-A86E-698A003A16F5}
	EndGlobalSection
EndGlobal
